{
  "name": "hypertube",
  "version": "1.0.0",
  "lockfileVersion": 1,
  "requires": true,
  "dependencies": {
    "vue": {
      "version": "2.6.11",
      "resolved": "https://registry.npmjs.org/vue/-/vue-2.6.11.tgz",
      "integrity": "sha512-VfPwgcGABbGAue9+sfrD4PuwFar7gPb1yl1UK1MwXoQPAw0BKSqWfoYCT/ThFrdEVWoI51dBuyCoiNU9bZDZxQ=="
    },
    "vue-burger-menu": {
      "version": "2.0.3",
      "resolved": "https://registry.npmjs.org/vue-burger-menu/-/vue-burger-menu-2.0.3.tgz",
      "integrity": "sha512-7HCCxxnorxI9W+qe/a7MR6Bco66kcIvHziUSEaY98OkGJj+3xmNesJMHTA84BLiv5P8JmM4ZrqtrUh0UecDuXg==",
      "requires": {
        "vue": "^2.5.17"
      }
    }
  }
}
